
Microsoft Visual Studio Solution File, Format Version 12.00
# Visual Studio Version 16
VisualStudioVersion = 16.0.31605.320
MinimumVisualStudioVersion = 10.0.40219.1
Project("{9A19103F-16F7-4668-BE54-9A1E7A4F7556}") = "2021", "2021\2021.csproj", "{3FEFC83E-79C2-4DFC-A622-5A9D203201A8}"
	ProjectSection(ProjectDependencies) = postProject
		{A3AD4999-F29E-4A94-825A-0A7A29E74633} = {A3AD4999-F29E-4A94-825A-0A7A29E74633}
	EndProjectSection
EndProject
Project("{9A19103F-16F7-4668-BE54-9A1E7A4F7556}") = "Template", "Template\Template.csproj", "{A3AD4999-F29E-4A94-825A-0A7A29E74633}"
EndProject
Project("{9A19103F-16F7-4668-BE54-9A1E7A4F7556}") = "Helpers", "Helpers\Helpers.csproj", "{8A106FD0-005C-48C6-9C9A-BE7151ADA9D4}"
EndProject
Project("{9A19103F-16F7-4668-BE54-9A1E7A4F7556}") = "2022", "2022\2022.csproj", "{6A668DEE-A139-4AFF-8B48-A24B8F057BA8}"
EndProject
Project("{9A19103F-16F7-4668-BE54-9A1E7A4F7556}") = "Tests", "Tests\Tests.csproj", "{5ED7CDE0-E48C-43F0-96F1-219B2C83F6FB}"
EndProject
Project("{FAE04EC0-301F-11D3-BF4B-00C04F79EFBC}") = "2023", "2023\2023.csproj", "{30284316-DA37-41A7-BC78-A05A59298966}"
EndProject
Global
	GlobalSection(SolutionConfigurationPlatforms) = preSolution
		Debug|Any CPU = Debug|Any CPU
		Release|Any CPU = Release|Any CPU
	EndGlobalSection
	GlobalSection(ProjectConfigurationPlatforms) = postSolution
		{3FEFC83E-79C2-4DFC-A622-5A9D203201A8}.Debug|Any CPU.ActiveCfg = Debug|Any CPU
		{3FEFC83E-79C2-4DFC-A622-5A9D203201A8}.Debug|Any CPU.Build.0 = Debug|Any CPU
		{3FEFC83E-79C2-4DFC-A622-5A9D203201A8}.Release|Any CPU.ActiveCfg = Release|Any CPU
		{3FEFC83E-79C2-4DFC-A622-5A9D203201A8}.Release|Any CPU.Build.0 = Release|Any CPU
		{A3AD4999-F29E-4A94-825A-0A7A29E74633}.Debug|Any CPU.ActiveCfg = Debug|Any CPU
		{A3AD4999-F29E-4A94-825A-0A7A29E74633}.Debug|Any CPU.Build.0 = Debug|Any CPU
		{A3AD4999-F29E-4A94-825A-0A7A29E74633}.Release|Any CPU.ActiveCfg = Release|Any CPU
		{A3AD4999-F29E-4A94-825A-0A7A29E74633}.Release|Any CPU.Build.0 = Release|Any CPU
		{8A106FD0-005C-48C6-9C9A-BE7151ADA9D4}.Debug|Any CPU.ActiveCfg = Debug|Any CPU
		{8A106FD0-005C-48C6-9C9A-BE7151ADA9D4}.Debug|Any CPU.Build.0 = Debug|Any CPU
		{8A106FD0-005C-48C6-9C9A-BE7151ADA9D4}.Release|Any CPU.ActiveCfg = Release|Any CPU
		{8A106FD0-005C-48C6-9C9A-BE7151ADA9D4}.Release|Any CPU.Build.0 = Release|Any CPU
		{6A668DEE-A139-4AFF-8B48-A24B8F057BA8}.Debug|Any CPU.ActiveCfg = Debug|Any CPU
		{6A668DEE-A139-4AFF-8B48-A24B8F057BA8}.Debug|Any CPU.Build.0 = Debug|Any CPU
		{6A668DEE-A139-4AFF-8B48-A24B8F057BA8}.Release|Any CPU.ActiveCfg = Release|Any CPU
		{6A668DEE-A139-4AFF-8B48-A24B8F057BA8}.Release|Any CPU.Build.0 = Release|Any CPU
		{5ED7CDE0-E48C-43F0-96F1-219B2C83F6FB}.Debug|Any CPU.ActiveCfg = Debug|Any CPU
		{5ED7CDE0-E48C-43F0-96F1-219B2C83F6FB}.Debug|Any CPU.Build.0 = Debug|Any CPU
		{5ED7CDE0-E48C-43F0-96F1-219B2C83F6FB}.Release|Any CPU.ActiveCfg = Release|Any CPU
		{5ED7CDE0-E48C-43F0-96F1-219B2C83F6FB}.Release|Any CPU.Build.0 = Release|Any CPU
		{30284316-DA37-41A7-BC78-A05A59298966}.Debug|Any CPU.ActiveCfg = Debug|Any CPU
		{30284316-DA37-41A7-BC78-A05A59298966}.Debug|Any CPU.Build.0 = Debug|Any CPU
		{30284316-DA37-41A7-BC78-A05A59298966}.Release|Any CPU.ActiveCfg = Release|Any CPU
		{30284316-DA37-41A7-BC78-A05A59298966}.Release|Any CPU.Build.0 = Release|Any CPU
	EndGlobalSection
	GlobalSection(SolutionProperties) = preSolution
		HideSolutionNode = FALSE
	EndGlobalSection
	GlobalSection(ExtensibilityGlobals) = postSolution
		SolutionGuid = {21A9BFDE-3C17-47A0-BD9D-AC3DF92AE11B}
	EndGlobalSection
EndGlobal
